{
  "version": "4",
  "specifiers": {
    "npm:hono@3.12.0": "3.12.0",
    "npm:ngeohash@*": "0.6.3",
    "npm:preact-render-to-string@6.3.1": "6.3.1_preact@10.19.3",
    "npm:preact@10.19.3": "10.19.3",
    "npm:ulid@*": "3.0.2"
  },
  "npm": {
    "hono@3.12.0": {
      "integrity": "sha512-UPEtZuLY7Wo7g0mqKWSOjLFdT8t7wJ60IYEcxKl3AQNU4u+R2QqU2fJMPmSu24C+/ag20Z8mOTQOErZzK4DMvA=="
    },
    "ngeohash@0.6.3": {
      "integrity": "sha512-kltF0cOxgx1AbmVzKxYZaoB0aj7mOxZeHaerEtQV0YaqnkXNq26WWqMmJ6lTqShYxVRWZ/mwvvTrNeOwdslWiw=="
    },
    "preact-render-to-string@6.3.1_preact@10.19.3": {
      "integrity": "sha512-NQ28WrjLtWY6lKDlTxnFpKHZdpjfF+oE6V4tZ0rTrunHrtZp6Dm0oFrcJalt/5PNeqJz4j1DuZDS0Y6rCBoqDA==",
      "dependencies": [
        "preact",
        "pretty-format"
      ]
    },
    "preact@10.19.3": {
      "integrity": "sha512-nHHTeFVBTHRGxJXKkKu5hT8C/YWBkPso4/Gad6xuj5dbptt9iF9NZr9pHbPhBrnT2klheu7mHTxTZ/LjwJiEiQ=="
    },
    "pretty-format@3.8.0": {
      "integrity": "sha512-WuxUnVtlWL1OfZFQFuqvnvs6MiAGk9UNsBostyBOB0Is9wb5uRESevA6rnl/rkksXaGX3GzZhPup5d6Vp1nFew=="
    },
    "ulid@3.0.2": {
      "integrity": "sha512-yu26mwteFYzBAot7KVMqFGCVpsF6g8wXfJzQUHvu1no3+rRRSFcSV2nKeYvNPLD2J4b08jYBDhHUjeH0ygIl9w=="
    }
  },
  "remote": {
    "https://deno.land/std@0.212.0/async/delay.ts": "eab3187eee39ccc8cc76d411fb21fb1801250ddb1090e486d5aec2ace5403391",
    "https://deno.land/std@0.212.0/http/server.ts": "ddee66e9a2ee98df8b31a47fd4ad678e75a8a11f543157641fd9ea0760c20f39"
  },
  "workspace": {
    "dependencies": [
      "npm:hono@3.12.0",
      "npm:preact-render-to-string@6.3.1",
      "npm:preact@10.19.3"
    ]
  }
}
